// !$*UTF8*$!
{
	archiveVersion = 1;
	classes = {
	};
	objectVersion = 56;
	objects = {

/* Begin PBXBuildFile section */
		520AAE6729CC4C990096F095 /* DownloadManagerApp.swift in Sources */ = {isa = PBXBuildFile; fileRef = 520AAE6629CC4C990096F095 /* DownloadManagerApp.swift */; };
		520AAE6929CC4C990096F095 /* ContentView.swift in Sources */ = {isa = PBXBuildFile; fileRef = 520AAE6829CC4C990096F095 /* ContentView.swift */; };
		520AAE6B29CC4C9A0096F095 /* Assets.xcassets in Resources */ = {isa = PBXBuildFile; fileRef = 520AAE6A29CC4C9A0096F095 /* Assets.xcassets */; };
		520AAE6E29CC4C9A0096F095 /* Preview Assets.xcassets in Resources */ = {isa = PBXBuildFile; fileRef = 520AAE6D29CC4C9A0096F095 /* Preview Assets.xcassets */; };
		520AAE7029CC4C9A0096F095 /* Persistence.swift in Sources */ = {isa = PBXBuildFile; fileRef = 520AAE6F29CC4C9A0096F095 /* Persistence.swift */; };
		520AAE7329CC4C9A0096F095 /* DownloadManager.xcdatamodeld in Sources */ = {isa = PBXBuildFile; fileRef = 520AAE7129CC4C9A0096F095 /* DownloadManager.xcdatamodeld */; };
		520AAE7A29CC4D330096F095 /* DownloadOrganizer.swift in Sources */ = {isa = PBXBuildFile; fileRef = 520AAE7929CC4D330096F095 /* DownloadOrganizer.swift */; };
		520AAE7F29CC54A70096F095 /* Download.swift in Sources */ = {isa = PBXBuildFile; fileRef = 520AAE7E29CC54A70096F095 /* Download.swift */; };
		520AAE8229CE0DCC0096F095 /* ButtonStyles.swift in Sources */ = {isa = PBXBuildFile; fileRef = 520AAE8129CE0DCC0096F095 /* ButtonStyles.swift */; };
		52250E7E29D31990000CFE40 /* DownloadProgressView.swift in Sources */ = {isa = PBXBuildFile; fileRef = 52250E7D29D31990000CFE40 /* DownloadProgressView.swift */; };
		52250E8029D41EAE000CFE40 /* DownloadsListView.swift in Sources */ = {isa = PBXBuildFile; fileRef = 52250E7F29D41EAE000CFE40 /* DownloadsListView.swift */; };
		52250E8229D41EE0000CFE40 /* DownloadStarterView.swift in Sources */ = {isa = PBXBuildFile; fileRef = 52250E8129D41EE0000CFE40 /* DownloadStarterView.swift */; };
		52250E8829D433C0000CFE40 /* SampleData.swift in Sources */ = {isa = PBXBuildFile; fileRef = 52250E8729D433C0000CFE40 /* SampleData.swift */; };
		5253DFEE29D4713000E895D0 /* SingleDownloadView.swift in Sources */ = {isa = PBXBuildFile; fileRef = 5253DFED29D4713000E895D0 /* SingleDownloadView.swift */; };
/* End PBXBuildFile section */

/* Begin PBXFileReference section */
		520AAE6329CC4C990096F095 /* DownloadManager.app */ = {isa = PBXFileReference; explicitFileType = wrapper.application; includeInIndex = 0; path = DownloadManager.app; sourceTree = BUILT_PRODUCTS_DIR; };
		520AAE6629CC4C990096F095 /* DownloadManagerApp.swift */ = {isa = PBXFileReference; lastKnownFileType = sourcecode.swift; path = DownloadManagerApp.swift; sourceTree = "<group>"; };
		520AAE6829CC4C990096F095 /* ContentView.swift */ = {isa = PBXFileReference; lastKnownFileType = sourcecode.swift; path = ContentView.swift; sourceTree = "<group>"; };
		520AAE6A29CC4C9A0096F095 /* Assets.xcassets */ = {isa = PBXFileReference; lastKnownFileType = folder.assetcatalog; path = Assets.xcassets; sourceTree = "<group>"; };
		520AAE6D29CC4C9A0096F095 /* Preview Assets.xcassets */ = {isa = PBXFileReference; lastKnownFileType = folder.assetcatalog; path = "Preview Assets.xcassets"; sourceTree = "<group>"; };
		520AAE6F29CC4C9A0096F095 /* Persistence.swift */ = {isa = PBXFileReference; lastKnownFileType = sourcecode.swift; path = Persistence.swift; sourceTree = "<group>"; };
		520AAE7229CC4C9A0096F095 /* DownloadManager.xcdatamodel */ = {isa = PBXFileReference; lastKnownFileType = wrapper.xcdatamodel; path = DownloadManager.xcdatamodel; sourceTree = "<group>"; };
		520AAE7929CC4D330096F095 /* DownloadOrganizer.swift */ = {isa = PBXFileReference; lastKnownFileType = sourcecode.swift; path = DownloadOrganizer.swift; sourceTree = "<group>"; };
		520AAE7E29CC54A70096F095 /* Download.swift */ = {isa = PBXFileReference; lastKnownFileType = sourcecode.swift; path = Download.swift; sourceTree = "<group>"; };
		520AAE8129CE0DCC0096F095 /* ButtonStyles.swift */ = {isa = PBXFileReference; lastKnownFileType = sourcecode.swift; path = ButtonStyles.swift; sourceTree = "<group>"; };
		52250E7D29D31990000CFE40 /* DownloadProgressView.swift */ = {isa = PBXFileReference; lastKnownFileType = sourcecode.swift; path = DownloadProgressView.swift; sourceTree = "<group>"; };
		52250E7F29D41EAE000CFE40 /* DownloadsListView.swift */ = {isa = PBXFileReference; lastKnownFileType = sourcecode.swift; path = DownloadsListView.swift; sourceTree = "<group>"; };
		52250E8129D41EE0000CFE40 /* DownloadStarterView.swift */ = {isa = PBXFileReference; lastKnownFileType = sourcecode.swift; path = DownloadStarterView.swift; sourceTree = "<group>"; };
		52250E8529D427A0000CFE40 /* Downloads.geojson */ = {isa = PBXFileReference; lastKnownFileType = text; path = Downloads.geojson; sourceTree = "<group>"; };
		52250E8729D433C0000CFE40 /* SampleData.swift */ = {isa = PBXFileReference; lastKnownFileType = sourcecode.swift; path = SampleData.swift; sourceTree = "<group>"; };
		5253DFED29D4713000E895D0 /* SingleDownloadView.swift */ = {isa = PBXFileReference; lastKnownFileType = sourcecode.swift; path = SingleDownloadView.swift; sourceTree = "<group>"; };
/* End PBXFileReference section */

/* Begin PBXFrameworksBuildPhase section */
		520AAE6029CC4C990096F095 /* Frameworks */ = {
			isa = PBXFrameworksBuildPhase;
			buildActionMask = 2147483647;
			files = (
			);
			runOnlyForDeploymentPostprocessing = 0;
		};
/* End PBXFrameworksBuildPhase section */

/* Begin PBXGroup section */
		520AAE5A29CC4C980096F095 = {
			isa = PBXGroup;
			children = (
				520AAE6529CC4C990096F095 /* DownloadManager */,
				520AAE6429CC4C990096F095 /* Products */,
			);
			sourceTree = "<group>";
		};
		520AAE6429CC4C990096F095 /* Products */ = {
			isa = PBXGroup;
			children = (
				520AAE6329CC4C990096F095 /* DownloadManager.app */,
			);
			name = Products;
			sourceTree = "<group>";
		};
		520AAE6529CC4C990096F095 /* DownloadManager */ = {
			isa = PBXGroup;
			children = (
				52250E8429D42760000CFE40 /* DevelopmentAssets */,
				520AAE7D29CC54910096F095 /* Model */,
				520AAE7B29CC4D380096F095 /* ViewModel */,
				520AAE7C29CC4D570096F095 /* View */,
				52250E8629D433AA000CFE40 /* Helpers */,
				52250E8329D42726000CFE40 /* SupportingFiles */,
				520AAE6A29CC4C9A0096F095 /* Assets.xcassets */,
				520AAE6F29CC4C9A0096F095 /* Persistence.swift */,
				520AAE7129CC4C9A0096F095 /* DownloadManager.xcdatamodeld */,
				520AAE6C29CC4C9A0096F095 /* Preview Content */,
			);
			path = DownloadManager;
			sourceTree = "<group>";
		};
		520AAE6C29CC4C9A0096F095 /* Preview Content */ = {
			isa = PBXGroup;
			children = (
				520AAE6D29CC4C9A0096F095 /* Preview Assets.xcassets */,
			);
			path = "Preview Content";
			sourceTree = "<group>";
		};
		520AAE7B29CC4D380096F095 /* ViewModel */ = {
			isa = PBXGroup;
			children = (
				520AAE7929CC4D330096F095 /* DownloadOrganizer.swift */,
			);
			path = ViewModel;
			sourceTree = "<group>";
		};
		520AAE7C29CC4D570096F095 /* View */ = {
			isa = PBXGroup;
			children = (
				520AAE6829CC4C990096F095 /* ContentView.swift */,
				52250E8129D41EE0000CFE40 /* DownloadStarterView.swift */,
				52250E7F29D41EAE000CFE40 /* DownloadsListView.swift */,
				5253DFED29D4713000E895D0 /* SingleDownloadView.swift */,
				52250E7D29D31990000CFE40 /* DownloadProgressView.swift */,
				520AAE8129CE0DCC0096F095 /* ButtonStyles.swift */,
			);
			path = View;
			sourceTree = "<group>";
		};
		520AAE7D29CC54910096F095 /* Model */ = {
			isa = PBXGroup;
			children = (
				520AAE7E29CC54A70096F095 /* Download.swift */,
			);
			path = Model;
			sourceTree = "<group>";
		};
		52250E8329D42726000CFE40 /* SupportingFiles */ = {
			isa = PBXGroup;
			children = (
				520AAE6629CC4C990096F095 /* DownloadManagerApp.swift */,
			);
			path = SupportingFiles;
			sourceTree = "<group>";
		};
		52250E8429D42760000CFE40 /* DevelopmentAssets */ = {
			isa = PBXGroup;
			children = (
				52250E8529D427A0000CFE40 /* Downloads.geojson */,
			);
			path = DevelopmentAssets;
			sourceTree = "<group>";
		};
		52250E8629D433AA000CFE40 /* Helpers */ = {
			isa = PBXGroup;
			children = (
				52250E8729D433C0000CFE40 /* SampleData.swift */,
			);
			path = Helpers;
			sourceTree = "<group>";
		};
/* End PBXGroup section */

/* Begin PBXNativeTarget section */
		520AAE6229CC4C990096F095 /* DownloadManager */ = {
			isa = PBXNativeTarget;
			buildConfigurationList = 520AAE7629CC4C9A0096F095 /* Build configuration list for PBXNativeTarget "DownloadManager" */;
			buildPhases = (
				520AAE5F29CC4C990096F095 /* Sources */,
				520AAE6029CC4C990096F095 /* Frameworks */,
				520AAE6129CC4C990096F095 /* Resources */,
			);
			buildRules = (
			);
			dependencies = (
			);
			name = DownloadManager;
			productName = DownloadManager;
			productReference = 520AAE6329CC4C990096F095 /* DownloadManager.app */;
			productType = "com.apple.product-type.application";
		};
/* End PBXNativeTarget section */

/* Begin PBXProject section */
		520AAE5B29CC4C980096F095 /* Project object */ = {
			isa = PBXProject;
			attributes = {
				BuildIndependentTargetsInParallel = 1;
				LastSwiftUpdateCheck = 1420;
				LastUpgradeCheck = 1420;
				TargetAttributes = {
					520AAE6229CC4C990096F095 = {
						CreatedOnToolsVersion = 14.2;
					};
				};
			};
			buildConfigurationList = 520AAE5E29CC4C980096F095 /* Build configuration list for PBXProject "DownloadManager" */;
			compatibilityVersion = "Xcode 14.0";
			developmentRegion = en;
			hasScannedForEncodings = 0;
			knownRegions = (
				en,
				Base,
			);
			mainGroup = 520AAE5A29CC4C980096F095;
			productRefGroup = 520AAE6429CC4C990096F095 /* Products */;
			projectDirPath = "";
			projectRoot = "";
			targets = (
				520AAE6229CC4C990096F095 /* DownloadManager */,
			);
		};
/* End PBXProject section */

/* Begin PBXResourcesBuildPhase section */
		520AAE6129CC4C990096F095 /* Resources */ = {
			isa = PBXResourcesBuildPhase;
			buildActionMask = 2147483647;
			files = (
				520AAE6E29CC4C9A0096F095 /* Preview Assets.xcassets in Resources */,
				520AAE6B29CC4C9A0096F095 /* Assets.xcassets in Resources */,
			);
			runOnlyForDeploymentPostprocessing = 0;
		};
/* End PBXResourcesBuildPhase section */

/* Begin PBXSourcesBuildPhase section */
		520AAE5F29CC4C990096F095 /* Sources */ = {
			isa = PBXSourcesBuildPhase;
			buildActionMask = 2147483647;
			files = (
				5253DFEE29D4713000E895D0 /* SingleDownloadView.swift in Sources */,
				520AAE7029CC4C9A0096F095 /* Persistence.swift in Sources */,
				52250E8029D41EAE000CFE40 /* DownloadsListView.swift in Sources */,
				52250E8229D41EE0000CFE40 /* DownloadStarterView.swift in Sources */,
				520AAE6929CC4C990096F095 /* ContentView.swift in Sources */,
				520AAE6729CC4C990096F095 /* DownloadManagerApp.swift in Sources */,
				520AAE7F29CC54A70096F095 /* Download.swift in Sources */,
				520AAE8229CE0DCC0096F095 /* ButtonStyles.swift in Sources */,
				52250E7E29D31990000CFE40 /* DownloadProgressView.swift in Sources */,
				52250E8829D433C0000CFE40 /* SampleData.swift in Sources */,
				520AAE7A29CC4D330096F095 /* DownloadOrganizer.swift in Sources */,
				520AAE7329CC4C9A0096F095 /* DownloadManager.xcdatamodeld in Sources */,
			);
			runOnlyForDeploymentPostprocessing = 0;
		};
/* End PBXSourcesBuildPhase section */

/* Begin XCBuildConfiguration section */
		520AAE7429CC4C9A0096F095 /* Debug */ = {
			isa = XCBuildConfiguration;
			buildSettings = {
				ALWAYS_SEARCH_USER_PATHS = NO;
				CLANG_ANALYZER_NONNULL = YES;
				CLANG_ANALYZER_NUMBER_OBJECT_CONVERSION = YES_AGGRESSIVE;
				CLANG_CXX_LANGUAGE_STANDARD = "gnu++20";
				CLANG_ENABLE_MODULES = YES;
				CLANG_ENABLE_OBJC_ARC = YES;
				CLANG_ENABLE_OBJC_WEAK = YES;
				CLANG_WARN_BLOCK_CAPTURE_AUTORELEASING = YES;
				CLANG_WARN_BOOL_CONVERSION = YES;
				CLANG_WARN_COMMA = YES;
				CLANG_WARN_CONSTANT_CONVERSION = YES;
				CLANG_WARN_DEPRECATED_OBJC_IMPLEMENTATIONS = YES;
				CLANG_WARN_DIRECT_OBJC_ISA_USAGE = YES_ERROR;
				CLANG_WARN_DOCUMENTATION_COMMENTS = YES;
				CLANG_WARN_EMPTY_BODY = YES;
				CLANG_WARN_ENUM_CONVERSION = YES;
				CLANG_WARN_INFINITE_RECURSION = YES;
				CLANG_WARN_INT_CONVERSION = YES;
				CLANG_WARN_NON_LITERAL_NULL_CONVERSION = YES;
				CLANG_WARN_OBJC_IMPLICIT_RETAIN_SELF = YES;
				CLANG_WARN_OBJC_LITERAL_CONVERSION = YES;
				CLANG_WARN_OBJC_ROOT_CLASS = YES_ERROR;
				CLANG_WARN_QUOTED_INCLUDE_IN_FRAMEWORK_HEADER = YES;
				CLANG_WARN_RANGE_LOOP_ANALYSIS = YES;
				CLANG_WARN_STRICT_PROTOTYPES = YES;
				CLANG_WARN_SUSPICIOUS_MOVE = YES;
				CLANG_WARN_UNGUARDED_AVAILABILITY = YES_AGGRESSIVE;
				CLANG_WARN_UNREACHABLE_CODE = YES;
				CLANG_WARN__DUPLICATE_METHOD_MATCH = YES;
				COPY_PHASE_STRIP = NO;
				DEBUG_INFORMATION_FORMAT = dwarf;
				ENABLE_STRICT_OBJC_MSGSEND = YES;
				ENABLE_TESTABILITY = YES;
				GCC_C_LANGUAGE_STANDARD = gnu11;
				GCC_DYNAMIC_NO_PIC = NO;
				GCC_NO_COMMON_BLOCKS = YES;
				GCC_OPTIMIZATION_LEVEL = 0;
				GCC_PREPROCESSOR_DEFINITIONS = (
					"DEBUG=1",
					"$(inherited)",
				);
				GCC_WARN_64_TO_32_BIT_CONVERSION = YES;
				GCC_WARN_ABOUT_RETURN_TYPE = YES_ERROR;
				GCC_WARN_UNDECLARED_SELECTOR = YES;
				GCC_WARN_UNINITIALIZED_AUTOS = YES_AGGRESSIVE;
				GCC_WARN_UNUSED_FUNCTION = YES;
				GCC_WARN_UNUSED_VARIABLE = YES;
				IPHONEOS_DEPLOYMENT_TARGET = 16.2;
				MTL_ENABLE_DEBUG_INFO = INCLUDE_SOURCE;
				MTL_FAST_MATH = YES;
				ONLY_ACTIVE_ARCH = YES;
				SDKROOT = iphoneos;
				SWIFT_ACTIVE_COMPILATION_CONDITIONS = DEBUG;
				SWIFT_OPTIMIZATION_LEVEL = "-Onone";
			};
			name = Debug;
		};
		520AAE7529CC4C9A0096F095 /* Release */ = {
			isa = XCBuildConfiguration;
			buildSettings = {
				ALWAYS_SEARCH_USER_PATHS = NO;
				CLANG_ANALYZER_NONNULL = YES;
				CLANG_ANALYZER_NUMBER_OBJECT_CONVERSION = YES_AGGRESSIVE;
				CLANG_CXX_LANGUAGE_STANDARD = "gnu++20";
				CLANG_ENABLE_MODULES = YES;
				CLANG_ENABLE_OBJC_ARC = YES;
				CLANG_ENABLE_OBJC_WEAK = YES;
				CLANG_WARN_BLOCK_CAPTURE_AUTORELEASING = YES;
				CLANG_WARN_BOOL_CONVERSION = YES;
				CLANG_WARN_COMMA = YES;
				CLANG_WARN_CONSTANT_CONVERSION = YES;
				CLANG_WARN_DEPRECATED_OBJC_IMPLEMENTATIONS = YES;
				CLANG_WARN_DIRECT_OBJC_ISA_USAGE = YES_ERROR;
				CLANG_WARN_DOCUMENTATION_COMMENTS = YES;
				CLANG_WARN_EMPTY_BODY = YES;
				CLANG_WARN_ENUM_CONVERSION = YES;
				CLANG_WARN_INFINITE_RECURSION = YES;
				CLANG_WARN_INT_CONVERSION = YES;
				CLANG_WARN_NON_LITERAL_NULL_CONVERSION = YES;
				CLANG_WARN_OBJC_IMPLICIT_RETAIN_SELF = YES;
				CLANG_WARN_OBJC_LITERAL_CONVERSION = YES;
				CLANG_WARN_OBJC_ROOT_CLASS = YES_ERROR;
				CLANG_WARN_QUOTED_INCLUDE_IN_FRAMEWORK_HEADER = YES;
				CLANG_WARN_RANGE_LOOP_ANALYSIS = YES;
				CLANG_WARN_STRICT_PROTOTYPES = YES;
				CLANG_WARN_SUSPICIOUS_MOVE = YES;
				CLANG_WARN_UNGUARDED_AVAILABILITY = YES_AGGRESSIVE;
				CLANG_WARN_UNREACHABLE_CODE = YES;
				CLANG_WARN__DUPLICATE_METHOD_MATCH = YES;
				COPY_PHASE_STRIP = NO;
				DEBUG_INFORMATION_FORMAT = "dwarf-with-dsym";
				ENABLE_NS_ASSERTIONS = NO;
				ENABLE_STRICT_OBJC_MSGSEND = YES;
				GCC_C_LANGUAGE_STANDARD = gnu11;
				GCC_NO_COMMON_BLOCKS = YES;
				GCC_WARN_64_TO_32_BIT_CONVERSION = YES;
				GCC_WARN_ABOUT_RETURN_TYPE = YES_ERROR;
				GCC_WARN_UNDECLARED_SELECTOR = YES;
				GCC_WARN_UNINITIALIZED_AUTOS = YES_AGGRESSIVE;
				GCC_WARN_UNUSED_FUNCTION = YES;
				GCC_WARN_UNUSED_VARIABLE = YES;
				IPHONEOS_DEPLOYMENT_TARGET = 16.2;
				MTL_ENABLE_DEBUG_INFO = NO;
				MTL_FAST_MATH = YES;
				SDKROOT = iphoneos;
				SWIFT_COMPILATION_MODE = wholemodule;
				SWIFT_OPTIMIZATION_LEVEL = "-O";
				VALIDATE_PRODUCT = YES;
			};
			name = Release;
		};
		520AAE7729CC4C9A0096F095 /* Debug */ = {
			isa = XCBuildConfiguration;
			buildSettings = {
				ASSETCATALOG_COMPILER_APPICON_NAME = AppIcon;
				ASSETCATALOG_COMPILER_GLOBAL_ACCENT_COLOR_NAME = AccentColor;
				CODE_SIGN_STYLE = Automatic;
				CURRENT_PROJECT_VERSION = 1;
				DEVELOPMENT_ASSET_PATHS = "\"DownloadManager/Preview Content\"";
				DEVELOPMENT_TEAM = F639597UZK;
				ENABLE_PREVIEWS = YES;
				GENERATE_INFOPLIST_FILE = YES;
				INFOPLIST_KEY_UIApplicationSceneManifest_Generation = YES;
				INFOPLIST_KEY_UIApplicationSupportsIndirectInputEvents = YES;
				INFOPLIST_KEY_UILaunchScreen_Generation = YES;
				INFOPLIST_KEY_UISupportedInterfaceOrientations_iPad = "UIInterfaceOrientationPortrait UIInterfaceOrientationPortraitUpsideDown UIInterfaceOrientationLandscapeLeft UIInterfaceOrientationLandscapeRight";
				INFOPLIST_KEY_UISupportedInterfaceOrientations_iPhone = "UIInterfaceOrientationPortrait UIInterfaceOrientationLandscapeLeft UIInterfaceOrientationLandscapeRight";
				LD_RUNPATH_SEARCH_PATHS = (
					"$(inherited)",
					"@executable_path/Frameworks",
				);
				MARKETING_VERSION = 1.0;
				PRODUCT_BUNDLE_IDENTIFIER = "com.icloud-agizza.marco.DownloadManager";
				PRODUCT_NAME = "$(TARGET_NAME)";
				SWIFT_EMIT_LOC_STRINGS = YES;
				SWIFT_VERSION = 5.0;
				TARGETED_DEVICE_FAMILY = "1,2";
			};
			name = Debug;
		};
		520AAE7829CC4C9A0096F095 /* Release */ = {
			isa = XCBuildConfiguration;
			buildSettings = {
				ASSETCATALOG_COMPILER_APPICON_NAME = AppIcon;
				ASSETCATALOG_COMPILER_GLOBAL_ACCENT_COLOR_NAME = AccentColor;
				CODE_SIGN_STYLE = Automatic;
				CURRENT_PROJECT_VERSION = 1;
				DEVELOPMENT_ASSET_PATHS = "\"DownloadManager/Preview Content\"";
				DEVELOPMENT_TEAM = F639597UZK;
				ENABLE_PREVIEWS = YES;
				GENERATE_INFOPLIST_FILE = YES;
				INFOPLIST_KEY_UIApplicationSceneManifest_Generation = YES;
				INFOPLIST_KEY_UIApplicationSupportsIndirectInputEvents = YES;
				INFOPLIST_KEY_UILaunchScreen_Generation = YES;
				INFOPLIST_KEY_UISupportedInterfaceOrientations_iPad = "UIInterfaceOrientationPortrait UIInterfaceOrientationPortraitUpsideDown UIInterfaceOrientationLandscapeLeft UIInterfaceOrientationLandscapeRight";
				INFOPLIST_KEY_UISupportedInterfaceOrientations_iPhone = "UIInterfaceOrientationPortrait UIInterfaceOrientationLandscapeLeft UIInterfaceOrientationLandscapeRight";
				LD_RUNPATH_SEARCH_PATHS = (
					"$(inherited)",
					"@executable_path/Frameworks",
				);
				MARKETING_VERSION = 1.0;
				PRODUCT_BUNDLE_IDENTIFIER = "com.icloud-agizza.marco.DownloadManager";
				PRODUCT_NAME = "$(TARGET_NAME)";
				SWIFT_EMIT_LOC_STRINGS = YES;
				SWIFT_VERSION = 5.0;
				TARGETED_DEVICE_FAMILY = "1,2";
			};
			name = Release;
		};
/* End XCBuildConfiguration section */

/* Begin XCConfigurationList section */
		520AAE5E29CC4C980096F095 /* Build configuration list for PBXProject "DownloadManager" */ = {
			isa = XCConfigurationList;
			buildConfigurations = (
				520AAE7429CC4C9A0096F095 /* Debug */,
				520AAE7529CC4C9A0096F095 /* Release */,
			);
			defaultConfigurationIsVisible = 0;
			defaultConfigurationName = Release;
		};
		520AAE7629CC4C9A0096F095 /* Build configuration list for PBXNativeTarget "DownloadManager" */ = {
			isa = XCConfigurationList;
			buildConfigurations = (
				520AAE7729CC4C9A0096F095 /* Debug */,
				520AAE7829CC4C9A0096F095 /* Release */,
			);
			defaultConfigurationIsVisible = 0;
			defaultConfigurationName = Release;
		};
/* End XCConfigurationList section */

/* Begin XCVersionGroup section */
		520AAE7129CC4C9A0096F095 /* DownloadManager.xcdatamodeld */ = {
			isa = XCVersionGroup;
			children = (
				520AAE7229CC4C9A0096F095 /* DownloadManager.xcdatamodel */,
			);
			currentVersion = 520AAE7229CC4C9A0096F095 /* DownloadManager.xcdatamodel */;
			path = DownloadManager.xcdatamodeld;
			sourceTree = "<group>";
			versionGroupType = wrapper.xcdatamodel;
		};
/* End XCVersionGroup section */
	};
	rootObject = 520AAE5B29CC4C980096F095 /* Project object */;
}
